{
    "_meta": {
        "hash": {
            "sha256": "ff268dfe60bf61855abd135dc4c71760e141e7c10dc04c0124eb0580e1241d92"
        },
        "pipfile-spec": 6,
        "requires": {
            "python_version": "3.9"
        },
        "sources": [
            {
                "name": "pypi",
                "url": "https://pypi.org/simple",
                "verify_ssl": true
            }
        ]
    },
    "default": {
        "absl-py": {
            "hashes": [
                "sha256:7675ddb70ffd0e37a2e69322f8f2cd37b19e03a27f43420bea5850597ded9504",
                "sha256:81409f8c5c1601f47d57eaa548a8516a967ab45a43ef75e5dfceab2ab4b69143"
            ],
            "version": "==0.14.0"
        },
        "ortools": {
            "hashes": [
                "sha256:2b17fae43a974fbd5a91b70b69bb55fb3e7b23db093fb16c82184e1f2b7aa6d6",
                "sha256:2f70e126181376b0211de1ff6bab8ffbef8adb8880182aa9bba559e33f78b2bc",
                "sha256:32ef560ce52ef9000717e809e7ceee77c832146a16749ab24c27d7e7aaf8591d",
                "sha256:356103382630e9e0aba4ebbf40ba93269c4c7d98bc115afec44a493ef4412c8a",
                "sha256:552f750bab3aec20487b998dcab62343f62f48e878d2ea51d98a9ff7be238f19",
                "sha256:67044c98c5a91b3c31e374cb26ca3c432bdf725a2838cbd153f7e7966cf17849",
                "sha256:6de315f70c78abaad2617cfada420789e4cc54e83d049ee4ac7b3e5db2090295",
                "sha256:822a51916961b514e8c9971643263ecb4bfd1ebb1c795b0fd337ebe86c3082b4",
                "sha256:b032108b3adf1ada9d98845bbad9a221513f25d2e766ddce569e0c28b1eed369",
                "sha256:cac390054bf2aa85f4a5bd6c16d8d16396b9366d0f8187c6c27482aea9c44785",
                "sha256:d758aa9d34b67b44518db6de2c2f9cda3ec352324aded7d93f2842cd7a231fc8",
                "sha256:e123ee5a9b658961196e380d1b0277b0bce91241cf0ea5cadc1c29d781a64fdd"
            ],
            "index": "pypi",
            "version": "==9.0.9048"
        },
        "protobuf": {
            "hashes": [
                "sha256:0a59ea8da307118372750e2fdfe0961622e675b8dd35e05c42384d618189a938",
                "sha256:17181fc0814655812aac108e755bd5185d71aa8d81bd241cec6e232c84097918",
                "sha256:18b308946a592e245299391e53c01b5b8efc2794f49986e80f37d7b5e60a270f",
                "sha256:1f3ecec3038c2fb4dad952d3d6cb9ca301999903a09e43794fb348da48f7577f",
                "sha256:3b5b81bb665aac548b413480f4e0d8c38a74bc4dea57835f288a3ce74f63dfe9",
                "sha256:42c04e66ec5a38ad2171639dc9860c2f9594668f709ea3a4a192acf7346853a7",
                "sha256:5201333b7aa711965c5769b250f8565a9924e8e27f8b622bbc5e6847aeaab1b1",
                "sha256:568c049ff002a7523ed33fb612e6b97da002bf87ffb619a1fc3eadf2257a3b31",
                "sha256:5730de255c95b3403eedd1a568eb28203b913b6192ff5a3fdc3ff30f37107a38",
                "sha256:615099e52e9fbc9fde00177267a94ca820ecf4e80093e390753568b7d8cb3c1a",
                "sha256:7646c20605fbee57e77fdbc4a90175538281b152f46ba17019916593f8062c2a",
                "sha256:7e791a94db391ae22b3943fc88f6ba0e1f62b6ad58b33db7517df576c7834d23",
                "sha256:80b0a5157f3a53043daf8eb7cfa1220b27a5a63dd6655dbd8e1e6f7b5dcd6347",
                "sha256:877664b1b8d1e23553634f625e4e12aae4ff16cbbef473f8118c239d478f422a",
                "sha256:9072cb18fca8998b77f969fb74d25a11d7f4a39a8b1ddc3cf76cd5abda8499cb",
                "sha256:9147565f93e6699d7512747766598afe63205f226ac7b61f47954974c9aab852",
                "sha256:93c077fd83879cf48f327a2491c24da447a09da6a7ab3cc311a6f5a61fcb5de0",
                "sha256:d11465040cadcea8ecf5f0b131af5099a9696f9d0bef6f88148b372bacc1c52d",
                "sha256:f589346b5b3f702c1d30e2343c9897e6c35e7bd495c10a0e17d11ecb5ee5bd06",
                "sha256:f6138462643adce0ed6e49007a63b7fd7dc4fda1ef4e15a70fcebe76c1407a71",
                "sha256:f7c8193ec805324ff6024242b00f64a24b94d56b895f62bf28a9d72a228d4fca"
            ],
            "version": "==3.18.0"
        },
        "six": {
            "hashes": [
                "sha256:1e61c37477a1626458e36f7b1d82aa5c9b094fa4802892072e49de9c60c4c926",
                "sha256:8abb2f1d86890a2dfb989f9a77cfcfd3e47c2a354b01111771326f8aa26e0254"
            ],
            "markers": "python_version >= '2.7' and python_version not in '3.0, 3.1, 3.2, 3.3'",
            "version": "==1.16.0"
        }
    },
    "develop": {}
}
